
Microsoft Visual Studio Solution File, Format Version 12.00
# Visual Studio 2013
VisualStudioVersion = 12.0.40629.0
MinimumVisualStudioVersion = 10.0.40219.1
Project("{FAE04EC0-301F-11D3-BF4B-00C04F79EFBC}") = "MOP", "MOP\MOP.csproj", "{5156D3F2-CD5E-4309-A80E-E1B8FE995AF2}"
EndProject
Project("{FAE04EC0-301F-11D3-BF4B-00C04F79EFBC}") = "BusinessEntity", "BusinessEntity\BusinessEntity.csproj", "{409ABE16-9894-4AAD-B8C1-7B3389447D31}"
EndProject
Project("{FAE04EC0-301F-11D3-BF4B-00C04F79EFBC}") = "Repositories", "Repositories\Repositories.csproj", "{E8DBCA8D-297E-4DE3-BD2B-1CBC6EABE3E9}"
EndProject
Project("{FAE04EC0-301F-11D3-BF4B-00C04F79EFBC}") = "Utility", "Utility\Utility.csproj", "{B8FA00CA-7266-4660-BD9C-647AEDFD1D15}"
EndProject
Global
	GlobalSection(SolutionConfigurationPlatforms) = preSolution
		Debug|Any CPU = Debug|Any CPU
		Release|Any CPU = Release|Any CPU
	EndGlobalSection
	GlobalSection(ProjectConfigurationPlatforms) = postSolution
		{5156D3F2-CD5E-4309-A80E-E1B8FE995AF2}.Debug|Any CPU.ActiveCfg = Debug|Any CPU
		{5156D3F2-CD5E-4309-A80E-E1B8FE995AF2}.Debug|Any CPU.Build.0 = Debug|Any CPU
		{5156D3F2-CD5E-4309-A80E-E1B8FE995AF2}.Release|Any CPU.ActiveCfg = Release|Any CPU
		{5156D3F2-CD5E-4309-A80E-E1B8FE995AF2}.Release|Any CPU.Build.0 = Release|Any CPU
		{409ABE16-9894-4AAD-B8C1-7B3389447D31}.Debug|Any CPU.ActiveCfg = Debug|Any CPU
		{409ABE16-9894-4AAD-B8C1-7B3389447D31}.Debug|Any CPU.Build.0 = Debug|Any CPU
		{409ABE16-9894-4AAD-B8C1-7B3389447D31}.Release|Any CPU.ActiveCfg = Release|Any CPU
		{409ABE16-9894-4AAD-B8C1-7B3389447D31}.Release|Any CPU.Build.0 = Release|Any CPU
		{E8DBCA8D-297E-4DE3-BD2B-1CBC6EABE3E9}.Debug|Any CPU.ActiveCfg = Debug|Any CPU
		{E8DBCA8D-297E-4DE3-BD2B-1CBC6EABE3E9}.Debug|Any CPU.Build.0 = Debug|Any CPU
		{E8DBCA8D-297E-4DE3-BD2B-1CBC6EABE3E9}.Release|Any CPU.ActiveCfg = Release|Any CPU
		{E8DBCA8D-297E-4DE3-BD2B-1CBC6EABE3E9}.Release|Any CPU.Build.0 = Release|Any CPU
		{B8FA00CA-7266-4660-BD9C-647AEDFD1D15}.Debug|Any CPU.ActiveCfg = Debug|Any CPU
		{B8FA00CA-7266-4660-BD9C-647AEDFD1D15}.Debug|Any CPU.Build.0 = Debug|Any CPU
		{B8FA00CA-7266-4660-BD9C-647AEDFD1D15}.Release|Any CPU.ActiveCfg = Release|Any CPU
		{B8FA00CA-7266-4660-BD9C-647AEDFD1D15}.Release|Any CPU.Build.0 = Release|Any CPU
	EndGlobalSection
	GlobalSection(SolutionProperties) = preSolution
		HideSolutionNode = FALSE
	EndGlobalSection
EndGlobal
